
Microsoft Visual Studio Solution File, Format Version 12.00
# Visual Studio Version 17
VisualStudioVersion = 17.10.35122.118
MinimumVisualStudioVersion = 10.0.40219.1
Project("{9A19103F-16F7-4668-BE54-9A1E7A4F7556}") = "Application", "Application\Application.csproj", "{5456F14B-7274-4954-A04E-F0F264E575D2}"
EndProject
Project("{2150E333-8FDC-42A3-9474-1A3956D46DE8}") = "1.Server", "1.Server", "{934C33D0-906C-42E4-9EA7-28440593B038}"
EndProject
Project("{2150E333-8FDC-42A3-9474-1A3956D46DE8}") = "2.Services", "2.Services", "{4C1D8E5D-69CE-41FD-9DC6-D84C8FAF3B34}"
EndProject
Project("{2150E333-8FDC-42A3-9474-1A3956D46DE8}") = "3.Repository", "3.Repository", "{687F8175-DCE4-48E3-BC06-1B34D68E1332}"
EndProject
Project("{2150E333-8FDC-42A3-9474-1A3956D46DE8}") = "4.Core", "4.Core", "{E344324E-C916-410A-88F6-540E64A0D942}"
EndProject
Project("{FAE04EC0-301F-11D3-BF4B-00C04F79EFBC}") = "DentalBooking.Core", "DentalBooking.Core\DentalBooking.Core.csproj", "{DD1D07A7-EFFE-4B85-9516-1C88E69CDF61}"
EndProject
Project("{FAE04EC0-301F-11D3-BF4B-00C04F79EFBC}") = "DentalBooking.Contract.Repository", "DentalBooking.Contract.Repository\DentalBooking.Contract.Repository.csproj", "{6AE8E0A3-21B0-4043-B386-E7BFDD57A764}"
EndProject
Global
	GlobalSection(SolutionConfigurationPlatforms) = preSolution
		Debug|Any CPU = Debug|Any CPU
		Release|Any CPU = Release|Any CPU
	EndGlobalSection
	GlobalSection(ProjectConfigurationPlatforms) = postSolution
		{5456F14B-7274-4954-A04E-F0F264E575D2}.Debug|Any CPU.ActiveCfg = Debug|Any CPU
		{5456F14B-7274-4954-A04E-F0F264E575D2}.Debug|Any CPU.Build.0 = Debug|Any CPU
		{5456F14B-7274-4954-A04E-F0F264E575D2}.Release|Any CPU.ActiveCfg = Release|Any CPU
		{5456F14B-7274-4954-A04E-F0F264E575D2}.Release|Any CPU.Build.0 = Release|Any CPU
		{DD1D07A7-EFFE-4B85-9516-1C88E69CDF61}.Debug|Any CPU.ActiveCfg = Debug|Any CPU
		{DD1D07A7-EFFE-4B85-9516-1C88E69CDF61}.Debug|Any CPU.Build.0 = Debug|Any CPU
		{DD1D07A7-EFFE-4B85-9516-1C88E69CDF61}.Release|Any CPU.ActiveCfg = Release|Any CPU
		{DD1D07A7-EFFE-4B85-9516-1C88E69CDF61}.Release|Any CPU.Build.0 = Release|Any CPU
		{6AE8E0A3-21B0-4043-B386-E7BFDD57A764}.Debug|Any CPU.ActiveCfg = Debug|Any CPU
		{6AE8E0A3-21B0-4043-B386-E7BFDD57A764}.Debug|Any CPU.Build.0 = Debug|Any CPU
		{6AE8E0A3-21B0-4043-B386-E7BFDD57A764}.Release|Any CPU.ActiveCfg = Release|Any CPU
		{6AE8E0A3-21B0-4043-B386-E7BFDD57A764}.Release|Any CPU.Build.0 = Release|Any CPU
	EndGlobalSection
	GlobalSection(SolutionProperties) = preSolution
		HideSolutionNode = FALSE
	EndGlobalSection
	GlobalSection(NestedProjects) = preSolution
		{5456F14B-7274-4954-A04E-F0F264E575D2} = {934C33D0-906C-42E4-9EA7-28440593B038}
		{DD1D07A7-EFFE-4B85-9516-1C88E69CDF61} = {E344324E-C916-410A-88F6-540E64A0D942}
		{6AE8E0A3-21B0-4043-B386-E7BFDD57A764} = {687F8175-DCE4-48E3-BC06-1B34D68E1332}
	EndGlobalSection
	GlobalSection(ExtensibilityGlobals) = postSolution
		SolutionGuid = {048D73EC-2B0A-472F-B109-9C4A6CCC5319}
	EndGlobalSection
EndGlobal
