
Microsoft Visual Studio Solution File, Format Version 12.00
# Visual Studio Version 17
VisualStudioVersion = 17.10.35122.118
MinimumVisualStudioVersion = 10.0.40219.1
Project("{9A19103F-16F7-4668-BE54-9A1E7A4F7556}") = "Application", "Application\Application.csproj", "{5456F14B-7274-4954-A04E-F0F264E575D2}"
EndProject
Project("{2150E333-8FDC-42A3-9474-1A3956D46DE8}") = "1.Server", "1.Server", "{934C33D0-906C-42E4-9EA7-28440593B038}"
EndProject
Project("{2150E333-8FDC-42A3-9474-1A3956D46DE8}") = "2.Services", "2.Services", "{4C1D8E5D-69CE-41FD-9DC6-D84C8FAF3B34}"
EndProject
Project("{2150E333-8FDC-42A3-9474-1A3956D46DE8}") = "3.Repository", "3.Repository", "{687F8175-DCE4-48E3-BC06-1B34D68E1332}"
EndProject
Project("{2150E333-8FDC-42A3-9474-1A3956D46DE8}") = "4.Core", "4.Core", "{E344324E-C916-410A-88F6-540E64A0D942}"
EndProject
Project("{9A19103F-16F7-4668-BE54-9A1E7A4F7556}") = "DentalBooking.Core", "DentalBooking.Core\DentalBooking.Core.csproj", "{DD1D07A7-EFFE-4B85-9516-1C88E69CDF61}"
EndProject
Project("{9A19103F-16F7-4668-BE54-9A1E7A4F7556}") = "DentalBooking.Contract.Repository", "DentalBooking.Contract.Repository\DentalBooking.Contract.Repository.csproj", "{6AE8E0A3-21B0-4043-B386-E7BFDD57A764}"
EndProject
Project("{9A19103F-16F7-4668-BE54-9A1E7A4F7556}") = "DentalBooking.Repository", "DentalBooking.Repository\DentalBooking.Repository.csproj", "{2C2A07AA-8FD6-4C8A-9F04-C488E2CD31FB}"
EndProject
Project("{9A19103F-16F7-4668-BE54-9A1E7A4F7556}") = "DentalBooking_Contract_Services", "DentalBooking_Contract_Services\DentalBooking_Contract_Services.csproj", "{EE8015F2-B206-4D87-999B-3F68E060B8C0}"
EndProject
Project("{9A19103F-16F7-4668-BE54-9A1E7A4F7556}") = "DentalBooking_Services", "DentalBooking_Services\DentalBooking_Services.csproj", "{F6845999-9B9A-4AF1-A488-8DBF731A74BB}"
EndProject
Project("{9A19103F-16F7-4668-BE54-9A1E7A4F7556}") = "DentalBooking.ModelViews", "DentalBooking.ModelViews\DentalBooking.ModelViews.csproj", "{96D4109F-3A66-4C14-A6D1-776E1BBAA396}"
EndProject
Global
	GlobalSection(SolutionConfigurationPlatforms) = preSolution
		Debug|Any CPU = Debug|Any CPU
		Release|Any CPU = Release|Any CPU
	EndGlobalSection
	GlobalSection(ProjectConfigurationPlatforms) = postSolution
		{5456F14B-7274-4954-A04E-F0F264E575D2}.Debug|Any CPU.ActiveCfg = Debug|Any CPU
		{5456F14B-7274-4954-A04E-F0F264E575D2}.Debug|Any CPU.Build.0 = Debug|Any CPU
		{5456F14B-7274-4954-A04E-F0F264E575D2}.Release|Any CPU.ActiveCfg = Release|Any CPU
		{5456F14B-7274-4954-A04E-F0F264E575D2}.Release|Any CPU.Build.0 = Release|Any CPU
		{DD1D07A7-EFFE-4B85-9516-1C88E69CDF61}.Debug|Any CPU.ActiveCfg = Debug|Any CPU
		{DD1D07A7-EFFE-4B85-9516-1C88E69CDF61}.Debug|Any CPU.Build.0 = Debug|Any CPU
		{DD1D07A7-EFFE-4B85-9516-1C88E69CDF61}.Release|Any CPU.ActiveCfg = Release|Any CPU
		{DD1D07A7-EFFE-4B85-9516-1C88E69CDF61}.Release|Any CPU.Build.0 = Release|Any CPU
		{6AE8E0A3-21B0-4043-B386-E7BFDD57A764}.Debug|Any CPU.ActiveCfg = Debug|Any CPU
		{6AE8E0A3-21B0-4043-B386-E7BFDD57A764}.Debug|Any CPU.Build.0 = Debug|Any CPU
		{6AE8E0A3-21B0-4043-B386-E7BFDD57A764}.Release|Any CPU.ActiveCfg = Release|Any CPU
		{6AE8E0A3-21B0-4043-B386-E7BFDD57A764}.Release|Any CPU.Build.0 = Release|Any CPU
		{2C2A07AA-8FD6-4C8A-9F04-C488E2CD31FB}.Debug|Any CPU.ActiveCfg = Debug|Any CPU
		{2C2A07AA-8FD6-4C8A-9F04-C488E2CD31FB}.Debug|Any CPU.Build.0 = Debug|Any CPU
		{2C2A07AA-8FD6-4C8A-9F04-C488E2CD31FB}.Release|Any CPU.ActiveCfg = Release|Any CPU
		{2C2A07AA-8FD6-4C8A-9F04-C488E2CD31FB}.Release|Any CPU.Build.0 = Release|Any CPU
		{EE8015F2-B206-4D87-999B-3F68E060B8C0}.Debug|Any CPU.ActiveCfg = Debug|Any CPU
		{EE8015F2-B206-4D87-999B-3F68E060B8C0}.Debug|Any CPU.Build.0 = Debug|Any CPU
		{EE8015F2-B206-4D87-999B-3F68E060B8C0}.Release|Any CPU.ActiveCfg = Release|Any CPU
		{EE8015F2-B206-4D87-999B-3F68E060B8C0}.Release|Any CPU.Build.0 = Release|Any CPU
		{F6845999-9B9A-4AF1-A488-8DBF731A74BB}.Debug|Any CPU.ActiveCfg = Debug|Any CPU
		{F6845999-9B9A-4AF1-A488-8DBF731A74BB}.Debug|Any CPU.Build.0 = Debug|Any CPU
		{F6845999-9B9A-4AF1-A488-8DBF731A74BB}.Release|Any CPU.ActiveCfg = Release|Any CPU
		{F6845999-9B9A-4AF1-A488-8DBF731A74BB}.Release|Any CPU.Build.0 = Release|Any CPU
		{96D4109F-3A66-4C14-A6D1-776E1BBAA396}.Debug|Any CPU.ActiveCfg = Debug|Any CPU
		{96D4109F-3A66-4C14-A6D1-776E1BBAA396}.Debug|Any CPU.Build.0 = Debug|Any CPU
		{96D4109F-3A66-4C14-A6D1-776E1BBAA396}.Release|Any CPU.ActiveCfg = Release|Any CPU
		{96D4109F-3A66-4C14-A6D1-776E1BBAA396}.Release|Any CPU.Build.0 = Release|Any CPU
	EndGlobalSection
	GlobalSection(SolutionProperties) = preSolution
		HideSolutionNode = FALSE
	EndGlobalSection
	GlobalSection(NestedProjects) = preSolution
		{5456F14B-7274-4954-A04E-F0F264E575D2} = {934C33D0-906C-42E4-9EA7-28440593B038}
		{DD1D07A7-EFFE-4B85-9516-1C88E69CDF61} = {E344324E-C916-410A-88F6-540E64A0D942}
		{6AE8E0A3-21B0-4043-B386-E7BFDD57A764} = {687F8175-DCE4-48E3-BC06-1B34D68E1332}
		{2C2A07AA-8FD6-4C8A-9F04-C488E2CD31FB} = {687F8175-DCE4-48E3-BC06-1B34D68E1332}
		{EE8015F2-B206-4D87-999B-3F68E060B8C0} = {4C1D8E5D-69CE-41FD-9DC6-D84C8FAF3B34}
		{F6845999-9B9A-4AF1-A488-8DBF731A74BB} = {4C1D8E5D-69CE-41FD-9DC6-D84C8FAF3B34}
		{96D4109F-3A66-4C14-A6D1-776E1BBAA396} = {687F8175-DCE4-48E3-BC06-1B34D68E1332}
	EndGlobalSection
	GlobalSection(ExtensibilityGlobals) = postSolution
		SolutionGuid = {048D73EC-2B0A-472F-B109-9C4A6CCC5319}
	EndGlobalSection
EndGlobal
